
Microsoft Visual Studio Solution File, Format Version 12.00
# Visual Studio 2013
VisualStudioVersion = 12.0.30501.0
MinimumVisualStudioVersion = 10.0.40219.1
Project("{8BC9CEB8-8B4A-11D0-8D11-00A0C91BC942}") = "CommandLineParser", "CommandLineParser\CommandLineParser.vcxproj", "{A0164AE6-BB54-4EB0-9380-047D738367B3}"
EndProject
Project("{8BC9CEB8-8B4A-11D0-8D11-00A0C91BC942}") = "DataStore", "DataStore\DataStore.vcxproj", "{ABEF1EF6-8752-4B6E-B4A2-D7708B895E85}"
EndProject
Project("{8BC9CEB8-8B4A-11D0-8D11-00A0C91BC942}") = "FileMgr", "FileMgr\FileMgr.vcxproj", "{C8AE294E-F123-4528-AD5C-C94A1329F298}"
EndProject
Project("{8BC9CEB8-8B4A-11D0-8D11-00A0C91BC942}") = "Executive", "Executive\Executive.vcxproj", "{0CBE08E1-B4F3-43F9-B425-DFDAD4932D1E}"
EndProject
Project("{8BC9CEB8-8B4A-11D0-8D11-00A0C91BC942}") = "Display", "Display\Display.vcxproj", "{1E40760D-6B59-4905-A362-C2169AE23138}"
EndProject
Project("{8BC9CEB8-8B4A-11D0-8D11-00A0C91BC942}") = "TestSearch", "TestSearch\TestSearch.vcxproj", "{B4461B74-E69B-476A-AF25-9EE93FC143A8}"
EndProject
Global
	GlobalSection(SolutionConfigurationPlatforms) = preSolution
		Debug|Win32 = Debug|Win32
		Release|Win32 = Release|Win32
	EndGlobalSection
	GlobalSection(ProjectConfigurationPlatforms) = postSolution
		{A0164AE6-BB54-4EB0-9380-047D738367B3}.Debug|Win32.ActiveCfg = Debug|Win32
		{A0164AE6-BB54-4EB0-9380-047D738367B3}.Debug|Win32.Build.0 = Debug|Win32
		{A0164AE6-BB54-4EB0-9380-047D738367B3}.Release|Win32.ActiveCfg = Release|Win32
		{A0164AE6-BB54-4EB0-9380-047D738367B3}.Release|Win32.Build.0 = Release|Win32
		{ABEF1EF6-8752-4B6E-B4A2-D7708B895E85}.Debug|Win32.ActiveCfg = Debug|Win32
		{ABEF1EF6-8752-4B6E-B4A2-D7708B895E85}.Debug|Win32.Build.0 = Debug|Win32
		{ABEF1EF6-8752-4B6E-B4A2-D7708B895E85}.Release|Win32.ActiveCfg = Release|Win32
		{ABEF1EF6-8752-4B6E-B4A2-D7708B895E85}.Release|Win32.Build.0 = Release|Win32
		{C8AE294E-F123-4528-AD5C-C94A1329F298}.Debug|Win32.ActiveCfg = Debug|Win32
		{C8AE294E-F123-4528-AD5C-C94A1329F298}.Debug|Win32.Build.0 = Debug|Win32
		{C8AE294E-F123-4528-AD5C-C94A1329F298}.Release|Win32.ActiveCfg = Release|Win32
		{C8AE294E-F123-4528-AD5C-C94A1329F298}.Release|Win32.Build.0 = Release|Win32
		{0CBE08E1-B4F3-43F9-B425-DFDAD4932D1E}.Debug|Win32.ActiveCfg = Debug|Win32
		{0CBE08E1-B4F3-43F9-B425-DFDAD4932D1E}.Debug|Win32.Build.0 = Debug|Win32
		{0CBE08E1-B4F3-43F9-B425-DFDAD4932D1E}.Release|Win32.ActiveCfg = Release|Win32
		{0CBE08E1-B4F3-43F9-B425-DFDAD4932D1E}.Release|Win32.Build.0 = Release|Win32
		{1E40760D-6B59-4905-A362-C2169AE23138}.Debug|Win32.ActiveCfg = Debug|Win32
		{1E40760D-6B59-4905-A362-C2169AE23138}.Debug|Win32.Build.0 = Debug|Win32
		{1E40760D-6B59-4905-A362-C2169AE23138}.Release|Win32.ActiveCfg = Release|Win32
		{1E40760D-6B59-4905-A362-C2169AE23138}.Release|Win32.Build.0 = Release|Win32
		{B4461B74-E69B-476A-AF25-9EE93FC143A8}.Debug|Win32.ActiveCfg = Debug|Win32
		{B4461B74-E69B-476A-AF25-9EE93FC143A8}.Debug|Win32.Build.0 = Debug|Win32
		{B4461B74-E69B-476A-AF25-9EE93FC143A8}.Release|Win32.ActiveCfg = Release|Win32
		{B4461B74-E69B-476A-AF25-9EE93FC143A8}.Release|Win32.Build.0 = Release|Win32
	EndGlobalSection
	GlobalSection(SolutionProperties) = preSolution
		HideSolutionNode = FALSE
	EndGlobalSection
EndGlobal
